
Microsoft Visual Studio Solution File, Format Version 12.00
# Visual Studio Version 17
VisualStudioVersion = 17.5.002.0
MinimumVisualStudioVersion = 10.0.40219.1
Project("{9A19103F-16F7-4668-BE54-9A1E7A4F7556}") = "DesafioFundamentos", "DesafioFundamentos\DesafioFundamentos.csproj", "{20664645-EC8E-405F-9E59-4D227605D659}"
EndProject
Global
	GlobalSection(SolutionConfigurationPlatforms) = preSolution
		Debug|Any CPU = Debug|Any CPU
		Release|Any CPU = Release|Any CPU
	EndGlobalSection
	GlobalSection(ProjectConfigurationPlatforms) = postSolution
		{20664645-EC8E-405F-9E59-4D227605D659}.Debug|Any CPU.ActiveCfg = Debug|Any CPU
		{20664645-EC8E-405F-9E59-4D227605D659}.Debug|Any CPU.Build.0 = Debug|Any CPU
		{20664645-EC8E-405F-9E59-4D227605D659}.Release|Any CPU.ActiveCfg = Release|Any CPU
		{20664645-EC8E-405F-9E59-4D227605D659}.Release|Any CPU.Build.0 = Release|Any CPU
	EndGlobalSection
	GlobalSection(SolutionProperties) = preSolution
		HideSolutionNode = FALSE
	EndGlobalSection
	GlobalSection(ExtensibilityGlobals) = postSolution
		SolutionGuid = {32C70FC1-E343-4F03-9DC7-9CF4E0B6549F}
	EndGlobalSection
EndGlobal
